
Microsoft Visual Studio Solution File, Format Version 12.00
# Visual Studio Version 16
VisualStudioVersion = 16.0.31515.178
MinimumVisualStudioVersion = 10.0.40219.1
Project("{FAE04EC0-301F-11D3-BF4B-00C04F79EFBC}") = "Api", "Api\Api.csproj", "{CBE8AA10-0784-41D6-91F4-1C3692691136}"
EndProject
Project("{FAE04EC0-301F-11D3-BF4B-00C04F79EFBC}") = "Core", "Core\Core.csproj", "{07983F1B-9A2A-4541-AC63-E141EAAD17A0}"
EndProject
Project("{FAE04EC0-301F-11D3-BF4B-00C04F79EFBC}") = "Test", "Test\Test.csproj", "{F3E3D1DC-BEEC-4DDC-9E02-695EEB0ACF43}"
EndProject
Global
	GlobalSection(SolutionConfigurationPlatforms) = preSolution
		Debug|Any CPU = Debug|Any CPU
		Release|Any CPU = Release|Any CPU
	EndGlobalSection
	GlobalSection(ProjectConfigurationPlatforms) = postSolution
		{CBE8AA10-0784-41D6-91F4-1C3692691136}.Debug|Any CPU.ActiveCfg = Debug|Any CPU
		{CBE8AA10-0784-41D6-91F4-1C3692691136}.Debug|Any CPU.Build.0 = Debug|Any CPU
		{CBE8AA10-0784-41D6-91F4-1C3692691136}.Release|Any CPU.ActiveCfg = Release|Any CPU
		{CBE8AA10-0784-41D6-91F4-1C3692691136}.Release|Any CPU.Build.0 = Release|Any CPU
		{07983F1B-9A2A-4541-AC63-E141EAAD17A0}.Debug|Any CPU.ActiveCfg = Debug|Any CPU
		{07983F1B-9A2A-4541-AC63-E141EAAD17A0}.Debug|Any CPU.Build.0 = Debug|Any CPU
		{07983F1B-9A2A-4541-AC63-E141EAAD17A0}.Release|Any CPU.ActiveCfg = Release|Any CPU
		{07983F1B-9A2A-4541-AC63-E141EAAD17A0}.Release|Any CPU.Build.0 = Release|Any CPU
		{F3E3D1DC-BEEC-4DDC-9E02-695EEB0ACF43}.Debug|Any CPU.ActiveCfg = Debug|Any CPU
		{F3E3D1DC-BEEC-4DDC-9E02-695EEB0ACF43}.Debug|Any CPU.Build.0 = Debug|Any CPU
		{F3E3D1DC-BEEC-4DDC-9E02-695EEB0ACF43}.Release|Any CPU.ActiveCfg = Release|Any CPU
		{F3E3D1DC-BEEC-4DDC-9E02-695EEB0ACF43}.Release|Any CPU.Build.0 = Release|Any CPU
	EndGlobalSection
	GlobalSection(SolutionProperties) = preSolution
		HideSolutionNode = FALSE
	EndGlobalSection
	GlobalSection(ExtensibilityGlobals) = postSolution
		SolutionGuid = {31CBD6AA-2731-4ED4-BE8A-140439EBE315}
	EndGlobalSection
EndGlobal
